{
  "nodes": {
    "cachyos-kernel": {
      "flake": false,
      "locked": {
        "lastModified": 1773333570,
        "narHash": "sha256-Z+r3HFziyn0ExgJj8qkwoqPZwP8sQMESX6QBWa/8uwM=",
        "owner": "CachyOS",
        "repo": "linux-cachyos",
        "rev": "261b59ccef1a9ca6a3a6344f585ee1ff593e4306",
        "type": "github"
      },
      "original": {
        "owner": "CachyOS",
        "repo": "linux-cachyos",
        "type": "github"
      }
    },
    "cachyos-kernel-patches": {
      "flake": false,
      "locked": {
        "lastModified": 1773330205,
        "narHash": "sha256-YVASxGrJYFHtL+5D71hlbc74VfgDnQGRpzVu0YiFHtw=",
        "owner": "CachyOS",
        "repo": "kernel-patches",
        "rev": "8242bda544657099da69993f019ff3fb23cfe05f",
        "type": "github"
      },
      "original": {
        "owner": "CachyOS",
        "repo": "kernel-patches",
        "type": "github"
      }
    },
    "disko": {
      "inputs": {
        "nixpkgs": [
          "lib-core",
          "nixpkgs"
        ]
      },
      "locked": {
        "lastModified": 1773025010,
        "narHash": "sha256-khlHllTsovXgT2GZ0WxT4+RvuMjNeR5OW0UYeEHPYQo=",
        "owner": "nix-community",
        "repo": "disko",
        "rev": "7b9f7f88ab3b339f8142dc246445abb3c370d3d3",
        "type": "github"
      },
      "original": {
        "owner": "nix-community",
        "repo": "disko",
        "type": "github"
      }
    },
    "flake-compat": {
      "flake": false,
      "locked": {
        "lastModified": 1767039857,
        "narHash": "sha256-vNpUSpF5Nuw8xvDLj2KCwwksIbjua2LZCqhV1LNRDns=",
        "owner": "NixOS",
        "repo": "flake-compat",
        "rev": "5edf11c44bc78a0d334f6334cdaf7d60d732daab",
        "type": "github"
      },
      "original": {
        "owner": "NixOS",
        "repo": "flake-compat",
        "type": "github"
      }
    },
    "flake-parts": {
      "inputs": {
        "nixpkgs-lib": "nixpkgs-lib"
      },
      "locked": {
        "lastModified": 1772408722,
        "narHash": "sha256-rHuJtdcOjK7rAHpHphUb1iCvgkU3GpfvicLMwwnfMT0=",
        "owner": "hercules-ci",
        "repo": "flake-parts",
        "rev": "f20dc5d9b8027381c474144ecabc9034d6a839a3",
        "type": "github"
      },
      "original": {
        "owner": "hercules-ci",
        "repo": "flake-parts",
        "type": "github"
      }
    },
    "kernel-cachyos": {
      "inputs": {
        "nix-cachyos-kernel": "nix-cachyos-kernel",
        "nixpkgs": [
          "nixpkgs"
        ]
      },
      "locked": {
        "path": "./extra/kernel/cachyos",
        "type": "path"
      },
      "original": {
        "path": "./extra/kernel/cachyos",
        "type": "path"
      },
      "parent": []
    },
    "lib-core": {
      "inputs": {
        "disko": "disko",
        "nixpkgs": [
          "nixpkgs"
        ]
      },
      "locked": {
        "path": "./core",
        "type": "path"
      },
      "original": {
        "path": "./core",
        "type": "path"
      },
      "parent": []
    },
    "nix-cachyos-kernel": {
      "inputs": {
        "cachyos-kernel": "cachyos-kernel",
        "cachyos-kernel-patches": "cachyos-kernel-patches",
        "flake-compat": "flake-compat",
        "flake-parts": "flake-parts",
        "nixpkgs": "nixpkgs"
      },
      "locked": {
        "lastModified": 1773339151,
        "narHash": "sha256-T4mZqOKMX3bbOKm/KvlkIOznaUPFpBbNKBT5bDMdRkQ=",
        "owner": "xddxdd",
        "repo": "nix-cachyos-kernel",
        "rev": "a984d014ba87dbefd8868d1fe967cc540d313766",
        "type": "github"
      },
      "original": {
        "owner": "xddxdd",
        "ref": "release",
        "repo": "nix-cachyos-kernel",
        "type": "github"
      }
    },
    "nixpkgs": {
      "locked": {
        "lastModified": 1773276312,
        "narHash": "sha256-UujcRqoPEyi0Bd77+cqfAxa4aq0SoKOYTcJNWn+0ZvM=",
        "owner": "NixOS",
        "repo": "nixpkgs",
        "rev": "87fd45fc9269db8f7197d27c620606323bbf5efa",
        "type": "github"
      },
      "original": {
        "owner": "NixOS",
        "ref": "nixos-unstable-small",
        "repo": "nixpkgs",
        "type": "github"
      }
    },
    "nixpkgs-lib": {
      "locked": {
        "lastModified": 1772328832,
        "narHash": "sha256-e+/T/pmEkLP6BHhYjx6GmwP5ivonQQn0bJdH9YrRB+Q=",
        "owner": "nix-community",
        "repo": "nixpkgs.lib",
        "rev": "c185c7a5e5dd8f9add5b2f8ebeff00888b070742",
        "type": "github"
      },
      "original": {
        "owner": "nix-community",
        "repo": "nixpkgs.lib",
        "type": "github"
      }
    },
    "nixpkgs_2": {
      "locked": {
        "lastModified": 1773282481,
        "narHash": "sha256-b/GV2ysM8mKHhinse2wz+uP37epUrSE+sAKXy/xvBY4=",
        "owner": "nixos",
        "repo": "nixpkgs",
        "rev": "fe416aaedd397cacb33a610b33d60ff2b431b127",
        "type": "github"
      },
      "original": {
        "owner": "nixos",
        "ref": "nixos-unstable",
        "repo": "nixpkgs",
        "type": "github"
      }
    },
    "root": {
      "inputs": {
        "kernel-cachyos": "kernel-cachyos",
        "lib-core": "lib-core",
        "nixpkgs": "nixpkgs_2"
      }
    }
  },
  "root": "root",
  "version": 7
}
