{
  "nodes": {
    "cachyos": {
      "inputs": {
        "nix-cachyos-kernel": "nix-cachyos-kernel",
        "nixpkgs": [
          "nixpkgs"
        ]
      },
      "locked": {
        "path": "../../extra/kernel/cachyos",
        "type": "path"
      },
      "original": {
        "path": "../../extra/kernel/cachyos",
        "type": "path"
      },
      "parent": []
    },
    "cachyos-kernel": {
      "flake": false,
      "locked": {
        "lastModified": 1768669154,
        "narHash": "sha256-n9peTL7TAv1FIsboTEE1nWvuY2HYB67Jhh8o4O/JGfY=",
        "owner": "CachyOS",
        "repo": "linux-cachyos",
        "rev": "4d7506c820f0d18fc0bbc36ecfec8ed126aee682",
        "type": "github"
      },
      "original": {
        "owner": "CachyOS",
        "repo": "linux-cachyos",
        "type": "github"
      }
    },
    "cachyos-kernel-patches": {
      "flake": false,
      "locked": {
        "lastModified": 1768668945,
        "narHash": "sha256-XKQ3DHUnaa/00BfIaY6K8xCZgx0Sy2wXQbNYE/AmWSk=",
        "owner": "CachyOS",
        "repo": "kernel-patches",
        "rev": "cba022ec33a81d60a1e2c9fe4622196e3fef2b54",
        "type": "github"
      },
      "original": {
        "owner": "CachyOS",
        "repo": "kernel-patches",
        "type": "github"
      }
    },
    "disko": {
      "inputs": {
        "nixpkgs": [
          "lib-core",
          "nixpkgs"
        ]
      },
      "locked": {
        "lastModified": 1766150702,
        "narHash": "sha256-P0kM+5o+DKnB6raXgFEk3azw8Wqg5FL6wyl9jD+G5a4=",
        "owner": "nix-community",
        "repo": "disko",
        "rev": "916506443ecd0d0b4a0f4cf9d40a3c22ce39b378",
        "type": "github"
      },
      "original": {
        "owner": "nix-community",
        "repo": "disko",
        "type": "github"
      }
    },
    "flake-compat": {
      "flake": false,
      "locked": {
        "lastModified": 1767039857,
        "narHash": "sha256-vNpUSpF5Nuw8xvDLj2KCwwksIbjua2LZCqhV1LNRDns=",
        "owner": "NixOS",
        "repo": "flake-compat",
        "rev": "5edf11c44bc78a0d334f6334cdaf7d60d732daab",
        "type": "github"
      },
      "original": {
        "owner": "NixOS",
        "repo": "flake-compat",
        "type": "github"
      }
    },
    "flake-parts": {
      "inputs": {
        "nixpkgs-lib": "nixpkgs-lib"
      },
      "locked": {
        "lastModified": 1768135262,
        "narHash": "sha256-PVvu7OqHBGWN16zSi6tEmPwwHQ4rLPU9Plvs8/1TUBY=",
        "owner": "hercules-ci",
        "repo": "flake-parts",
        "rev": "80daad04eddbbf5a4d883996a73f3f542fa437ac",
        "type": "github"
      },
      "original": {
        "owner": "hercules-ci",
        "repo": "flake-parts",
        "type": "github"
      }
    },
    "lib-core": {
      "inputs": {
        "disko": "disko",
        "nixpkgs": [
          "nixpkgs"
        ]
      },
      "locked": {
        "path": "../../core",
        "type": "path"
      },
      "original": {
        "path": "../../core",
        "type": "path"
      },
      "parent": []
    },
    "nix-cachyos-kernel": {
      "inputs": {
        "cachyos-kernel": "cachyos-kernel",
        "cachyos-kernel-patches": "cachyos-kernel-patches",
        "flake-compat": "flake-compat",
        "flake-parts": "flake-parts",
        "nixpkgs": "nixpkgs"
      },
      "locked": {
        "lastModified": 1768671945,
        "narHash": "sha256-c+eJggWzQKYze1S/fQtW4xD+MD5FvCwyiLq4Ig1hIrA=",
        "owner": "xddxdd",
        "repo": "nix-cachyos-kernel",
        "rev": "0deadd1965740f6c9eb51254156af2914e1c0d50",
        "type": "github"
      },
      "original": {
        "owner": "xddxdd",
        "ref": "release",
        "repo": "nix-cachyos-kernel",
        "type": "github"
      }
    },
    "nixpkgs": {
      "locked": {
        "lastModified": 1768640357,
        "narHash": "sha256-NRmPViu76stpOUahRWuR3zMKfY2dKr/qAxRlcqfyps4=",
        "owner": "NixOS",
        "repo": "nixpkgs",
        "rev": "d157866bc6cc1a986f88f6e78a6884efeeec6187",
        "type": "github"
      },
      "original": {
        "owner": "NixOS",
        "ref": "nixos-unstable-small",
        "repo": "nixpkgs",
        "type": "github"
      }
    },
    "nixpkgs-lib": {
      "locked": {
        "lastModified": 1765674936,
        "narHash": "sha256-k00uTP4JNfmejrCLJOwdObYC9jHRrr/5M/a/8L2EIdo=",
        "owner": "nix-community",
        "repo": "nixpkgs.lib",
        "rev": "2075416fcb47225d9b68ac469a5c4801a9c4dd85",
        "type": "github"
      },
      "original": {
        "owner": "nix-community",
        "repo": "nixpkgs.lib",
        "type": "github"
      }
    },
    "nixpkgs_2": {
      "locked": {
        "lastModified": 1768701115,
        "narHash": "sha256-kkRg+hOTrRye6nDf6WBG8Ue7/ETUhfXdFSIVEXV2XXo=",
        "owner": "nixos",
        "repo": "nixpkgs",
        "rev": "a48c9dbce9a434f3647d4d9eab783eca11a242c4",
        "type": "github"
      },
      "original": {
        "owner": "nixos",
        "ref": "nixos-unstable-small",
        "repo": "nixpkgs",
        "type": "github"
      }
    },
    "root": {
      "inputs": {
        "cachyos": "cachyos",
        "lib-core": "lib-core",
        "nixpkgs": "nixpkgs_2"
      }
    }
  },
  "root": "root",
  "version": 7
}
