{
  "nodes": {
    "cachyos": {
      "inputs": {
        "nix-cachyos-kernel": "nix-cachyos-kernel",
        "nixpkgs": [
          "nixpkgs"
        ]
      },
      "locked": {
        "path": "../../extra/kernel/cachyos",
        "type": "path"
      },
      "original": {
        "path": "../../extra/kernel/cachyos",
        "type": "path"
      },
      "parent": []
    },
    "cachyos-kernel": {
      "flake": false,
      "locked": {
        "lastModified": 1770543490,
        "narHash": "sha256-uqWFLM5oAb3cvdDGQrEchd17pNufFS0Cpl1aJ7g71gE=",
        "owner": "CachyOS",
        "repo": "linux-cachyos",
        "rev": "39ecee276c262ef6533165a7e5769b78cb54b226",
        "type": "github"
      },
      "original": {
        "owner": "CachyOS",
        "repo": "linux-cachyos",
        "type": "github"
      }
    },
    "cachyos-kernel-patches": {
      "flake": false,
      "locked": {
        "lastModified": 1770407844,
        "narHash": "sha256-gDCdcoHtoaEuFP+aVvf43NaJW2RclTVIBZix548BdhQ=",
        "owner": "CachyOS",
        "repo": "kernel-patches",
        "rev": "c031bd5a91990f7eab3d8fb364836cf4e1960f31",
        "type": "github"
      },
      "original": {
        "owner": "CachyOS",
        "repo": "kernel-patches",
        "type": "github"
      }
    },
    "disko": {
      "inputs": {
        "nixpkgs": [
          "lib-core",
          "nixpkgs"
        ]
      },
      "locked": {
        "lastModified": 1769524058,
        "narHash": "sha256-zygdD6X1PcVNR2PsyK4ptzrVEiAdbMqLos7utrMDEWE=",
        "owner": "nix-community",
        "repo": "disko",
        "rev": "71a3fc97d80881e91710fe721f1158d3b96ae14d",
        "type": "github"
      },
      "original": {
        "owner": "nix-community",
        "repo": "disko",
        "type": "github"
      }
    },
    "flake-compat": {
      "flake": false,
      "locked": {
        "lastModified": 1767039857,
        "narHash": "sha256-vNpUSpF5Nuw8xvDLj2KCwwksIbjua2LZCqhV1LNRDns=",
        "owner": "NixOS",
        "repo": "flake-compat",
        "rev": "5edf11c44bc78a0d334f6334cdaf7d60d732daab",
        "type": "github"
      },
      "original": {
        "owner": "NixOS",
        "repo": "flake-compat",
        "type": "github"
      }
    },
    "flake-parts": {
      "inputs": {
        "nixpkgs-lib": "nixpkgs-lib"
      },
      "locked": {
        "lastModified": 1769996383,
        "narHash": "sha256-AnYjnFWgS49RlqX7LrC4uA+sCCDBj0Ry/WOJ5XWAsa0=",
        "owner": "hercules-ci",
        "repo": "flake-parts",
        "rev": "57928607ea566b5db3ad13af0e57e921e6b12381",
        "type": "github"
      },
      "original": {
        "owner": "hercules-ci",
        "repo": "flake-parts",
        "type": "github"
      }
    },
    "lib-core": {
      "inputs": {
        "disko": "disko",
        "nixpkgs": [
          "nixpkgs"
        ]
      },
      "locked": {
        "path": "../../core",
        "type": "path"
      },
      "original": {
        "path": "../../core",
        "type": "path"
      },
      "parent": []
    },
    "nix-cachyos-kernel": {
      "inputs": {
        "cachyos-kernel": "cachyos-kernel",
        "cachyos-kernel-patches": "cachyos-kernel-patches",
        "flake-compat": "flake-compat",
        "flake-parts": "flake-parts",
        "nixpkgs": "nixpkgs"
      },
      "locked": {
        "lastModified": 1770573432,
        "narHash": "sha256-nB0Zf0cIcLWkTpLo9TlYEUhU8VC+WThxLuSsktQ+TVY=",
        "owner": "xddxdd",
        "repo": "nix-cachyos-kernel",
        "rev": "ab815ddf2e7602f06451a1f723900afcf9ff7241",
        "type": "github"
      },
      "original": {
        "owner": "xddxdd",
        "ref": "release",
        "repo": "nix-cachyos-kernel",
        "type": "github"
      }
    },
    "nixpkgs": {
      "locked": {
        "lastModified": 1770526746,
        "narHash": "sha256-lZsVyuMK7nYeW/4NsIpJ34rqxKEcT03dSdxtqz93ifw=",
        "owner": "NixOS",
        "repo": "nixpkgs",
        "rev": "aca36f3dce182a941e909faa58becf39ca12f697",
        "type": "github"
      },
      "original": {
        "owner": "NixOS",
        "ref": "nixos-unstable-small",
        "repo": "nixpkgs",
        "type": "github"
      }
    },
    "nixpkgs-lib": {
      "locked": {
        "lastModified": 1769909678,
        "narHash": "sha256-cBEymOf4/o3FD5AZnzC3J9hLbiZ+QDT/KDuyHXVJOpM=",
        "owner": "nix-community",
        "repo": "nixpkgs.lib",
        "rev": "72716169fe93074c333e8d0173151350670b824c",
        "type": "github"
      },
      "original": {
        "owner": "nix-community",
        "repo": "nixpkgs.lib",
        "type": "github"
      }
    },
    "nixpkgs_2": {
      "locked": {
        "lastModified": 1770720068,
        "narHash": "sha256-S8s8l0CfMYsFMNS0hXZaQV9sOTkUB6qdXdTSEs2aTT8=",
        "owner": "nixos",
        "repo": "nixpkgs",
        "rev": "8ee95bcb238069810a968efbf2bba8e4d6ff11a6",
        "type": "github"
      },
      "original": {
        "owner": "nixos",
        "ref": "nixos-unstable-small",
        "repo": "nixpkgs",
        "type": "github"
      }
    },
    "root": {
      "inputs": {
        "cachyos": "cachyos",
        "lib-core": "lib-core",
        "nixpkgs": "nixpkgs_2"
      }
    }
  },
  "root": "root",
  "version": 7
}
