{
  "nodes": {
    "disko": {
      "inputs": {
        "nixpkgs": [
          "lib-core",
          "nixpkgs"
        ]
      },
      "locked": {
        "lastModified": 1765688338,
        "narHash": "sha256-MjrytR2kiHYUnzX11cXaD31tS7kKdhM1KFaac0+KAig=",
        "owner": "nix-community",
        "repo": "disko",
        "rev": "be1a6b8a05afdd5d5fa69fcaf3c4ead7014c9fd8",
        "type": "github"
      },
      "original": {
        "owner": "nix-community",
        "repo": "disko",
        "type": "github"
      }
    },
    "lib-core": {
      "inputs": {
        "disko": "disko",
        "nixos-facter-modules": "nixos-facter-modules",
        "nixpkgs": [
          "nixpkgs"
        ]
      },
      "locked": {
        "dir": "core",
        "lastModified": 1765770553,
        "narHash": "sha256-fsGsoSRJ6kewBGh8JZb5jUaI325xEHNEd0hiRyaynmI=",
        "owner": "ShaoG-R",
        "repo": "nixos-config",
        "rev": "9310b5077d2df33cacdabbf2b04c83e4556c39eb",
        "type": "github"
      },
      "original": {
        "dir": "core",
        "owner": "ShaoG-R",
        "ref": "pre-release",
        "repo": "nixos-config",
        "type": "github"
      }
    },
    "nixos-facter-modules": {
      "locked": {
        "lastModified": 1765442039,
        "narHash": "sha256-k3lYQ+A1F7aTz8HnlU++bd9t/x/NP2A4v9+x6opcVg0=",
        "owner": "nix-community",
        "repo": "nixos-facter-modules",
        "rev": "9dd775ee92de63f14edd021d59416e18ac2c00f1",
        "type": "github"
      },
      "original": {
        "owner": "nix-community",
        "repo": "nixos-facter-modules",
        "type": "github"
      }
    },
    "nixpkgs": {
      "locked": {
        "lastModified": 1765733814,
        "narHash": "sha256-1p6BNczH7MylxA7IhHyYIrg1ey7bW+4LtcBQOzSWsXU=",
        "owner": "nixos",
        "repo": "nixpkgs",
        "rev": "d54beea55e1f9a521b85cbb1c44bf616ac4d9011",
        "type": "github"
      },
      "original": {
        "owner": "nixos",
        "ref": "nixos-unstable-small",
        "repo": "nixpkgs",
        "type": "github"
      }
    },
    "root": {
      "inputs": {
        "lib-core": "lib-core",
        "nixpkgs": "nixpkgs"
      }
    }
  },
  "root": "root",
  "version": 7
}
